{
  "version": 4,
  "terraform_version": "1.10.5",
  "serial": 10,
  "lineage": "4bbc84f5-56b8-18d4-e692-92b74b6515fc",
  "outputs": {
    "result": {
      "value": "mrs.skunk",
      "type": "string"
    }
  },
  "resources": [
    {
      "mode": "managed",
      "type": "local_file",
      "name": "pet",
      "provider": "provider[\"registry.terraform.io/hashicorp/local\"]",
      "instances": [
        {
          "schema_version": 0,
          "attributes": {
            "content": "we love mrs.skunk",
            "content_base64": null,
            "content_base64sha256": "4G56q3fHr/OwOu35JIjVPce40tqOxyzvhpbCRBjzitY=",
            "content_base64sha512": "nKHM/fedgyBA0Zp7d21kxSj9p6KwG5IcZzFC5QkPUfipQHCKwujkgpVgCvjp2d6zi8tB0qytgm3g/qL58d+L1A==",
            "content_md5": "79130886a0f485d20cc564b9bfdf5016",
            "content_sha1": "5bb276be3119b06428faeaebd487612e447bd2ae",
            "content_sha256": "e06e7aab77c7aff3b03aedf92488d53dc7b8d2da8ec72cef8696c24418f38ad6",
            "content_sha512": "9ca1ccfdf79d832040d19a7b776d64c528fda7a2b01b921c673142e5090f51f8a940708ac2e8e48295600af8e9d9deb38bcb41d2acad826de0fea2f9f1df8bd4",
            "directory_permission": "0777",
            "file_permission": "0777",
            "filename": "/Users/trahulprabhu38/Desktop/terraform/done1.txt",
            "id": "5bb276be3119b06428faeaebd487612e447bd2ae",
            "sensitive_content": null,
            "source": null
          },
          "sensitive_attributes": [
            [
              {
                "type": "get_attr",
                "value": "sensitive_content"
              }
            ]
          ],
          "dependencies": [
            "random_pet.pet1"
          ],
          "create_before_destroy": true
        }
      ]
    },
    {
      "mode": "managed",
      "type": "local_file",
      "name": "res",
      "provider": "provider[\"registry.terraform.io/hashicorp/local\"]",
      "instances": [
        {
          "schema_version": 0,
          "attributes": {
            "content": "we love mrs.skunk",
            "content_base64": null,
            "content_base64sha256": "4G56q3fHr/OwOu35JIjVPce40tqOxyzvhpbCRBjzitY=",
            "content_base64sha512": "nKHM/fedgyBA0Zp7d21kxSj9p6KwG5IcZzFC5QkPUfipQHCKwujkgpVgCvjp2d6zi8tB0qytgm3g/qL58d+L1A==",
            "content_md5": "79130886a0f485d20cc564b9bfdf5016",
            "content_sha1": "5bb276be3119b06428faeaebd487612e447bd2ae",
            "content_sha256": "e06e7aab77c7aff3b03aedf92488d53dc7b8d2da8ec72cef8696c24418f38ad6",
            "content_sha512": "9ca1ccfdf79d832040d19a7b776d64c528fda7a2b01b921c673142e5090f51f8a940708ac2e8e48295600af8e9d9deb38bcb41d2acad826de0fea2f9f1df8bd4",
            "directory_permission": "0777",
            "file_permission": "0777",
            "filename": "/Users/trahulprabhu38/Desktop/terraform/done2.txt",
            "id": "5bb276be3119b06428faeaebd487612e447bd2ae",
            "sensitive_content": null,
            "source": null
          },
          "sensitive_attributes": [
            [
              {
                "type": "get_attr",
                "value": "sensitive_content"
              }
            ]
          ],
          "dependencies": [
            "local_file.pet",
            "random_pet.pet1"
          ]
        }
      ]
    },
    {
      "mode": "managed",
      "type": "random_pet",
      "name": "pet1",
      "provider": "provider[\"registry.terraform.io/hashicorp/random\"]",
      "instances": [
        {
          "schema_version": 0,
          "attributes": {
            "id": "mrs.skunk",
            "keepers": null,
            "length": 1,
            "prefix": "mrs",
            "separator": "."
          },
          "sensitive_attributes": [],
          "create_before_destroy": true
        }
      ]
    }
  ],
  "check_results": null
}
